
Microsoft Visual Studio Solution File, Format Version 12.00
# Visual Studio Version 16
VisualStudioVersion = 16.0.28922.388
MinimumVisualStudioVersion = 10.0.40219.1
Project("{8BC9CEB8-8B4A-11D0-8D11-00A0C91BC942}") = "TestCnossos", "Cnossos-EU\Cnossos-EU.vcxproj", "{609B4312-FD66-4349-A332-276984CE0DAE}"
	ProjectSection(ProjectDependencies) = postProject
		{6D763543-A057-4244-88C5-9825456534BF} = {6D763543-A057-4244-88C5-9825456534BF}
		{95FEDCA2-062C-4ECC-81C7-670F49BD8DBB} = {95FEDCA2-062C-4ECC-81C7-670F49BD8DBB}
		{2762EDB0-47EC-4E5D-8D8F-EBD1AC4DBA5D} = {2762EDB0-47EC-4E5D-8D8F-EBD1AC4DBA5D}
	EndProjectSection
EndProject
Project("{8BC9CEB8-8B4A-11D0-8D11-00A0C91BC942}") = "SimpleXML", "SimpleXML\SimpleXML.vcxproj", "{6D763543-A057-4244-88C5-9825456534BF}"
EndProject
Project("{8BC9CEB8-8B4A-11D0-8D11-00A0C91BC942}") = "PropagationPath", "PropagationPath\PropagationPath.vcxproj", "{2762EDB0-47EC-4E5D-8D8F-EBD1AC4DBA5D}"
EndProject
Project("{8BC9CEB8-8B4A-11D0-8D11-00A0C91BC942}") = "HarmonoiseP2P", "HarmonoiseP2P\HarmonoiseP2P.vcxproj", "{95FEDCA2-062C-4ECC-81C7-670F49BD8DBB}"
EndProject
Project("{8BC9CEB8-8B4A-11D0-8D11-00A0C91BC942}") = "TestCnossosCPP", "TestCnossosCPP\TestCnossosCPP.vcxproj", "{9685BAAE-6738-4C11-9A77-44BB83AA3AE0}"
	ProjectSection(ProjectDependencies) = postProject
		{95FEDCA2-062C-4ECC-81C7-670F49BD8DBB} = {95FEDCA2-062C-4ECC-81C7-670F49BD8DBB}
		{2762EDB0-47EC-4E5D-8D8F-EBD1AC4DBA5D} = {2762EDB0-47EC-4E5D-8D8F-EBD1AC4DBA5D}
	EndProjectSection
EndProject
Project("{8BC9CEB8-8B4A-11D0-8D11-00A0C91BC942}") = "CnossosPropagation", "CnossosPropagation\CnossosPropagation.vcxproj", "{259BA2E6-FB1F-4E97-A6B7-0B65900F8E38}"
	ProjectSection(ProjectDependencies) = postProject
		{6D763543-A057-4244-88C5-9825456534BF} = {6D763543-A057-4244-88C5-9825456534BF}
		{95FEDCA2-062C-4ECC-81C7-670F49BD8DBB} = {95FEDCA2-062C-4ECC-81C7-670F49BD8DBB}
		{2762EDB0-47EC-4E5D-8D8F-EBD1AC4DBA5D} = {2762EDB0-47EC-4E5D-8D8F-EBD1AC4DBA5D}
	EndProjectSection
EndProject
Project("{8BC9CEB8-8B4A-11D0-8D11-00A0C91BC942}") = "TestCnossosDLL", "TestCnossosDLL\TestCnossosDLL.vcxproj", "{AC42174E-9C3A-46C0-AD6E-38B58E22E387}"
	ProjectSection(ProjectDependencies) = postProject
		{95FEDCA2-062C-4ECC-81C7-670F49BD8DBB} = {95FEDCA2-062C-4ECC-81C7-670F49BD8DBB}
		{2762EDB0-47EC-4E5D-8D8F-EBD1AC4DBA5D} = {2762EDB0-47EC-4E5D-8D8F-EBD1AC4DBA5D}
		{259BA2E6-FB1F-4E97-A6B7-0B65900F8E38} = {259BA2E6-FB1F-4E97-A6B7-0B65900F8E38}
	EndProjectSection
EndProject
Project("{8BC9CEB8-8B4A-11D0-8D11-00A0C91BC942}") = "TestCnossosEXT", "TestCnossosEXT\TestCnossosEXT.vcxproj", "{DD5DBD5B-E012-469E-ABD6-CE543A539454}"
	ProjectSection(ProjectDependencies) = postProject
		{6D763543-A057-4244-88C5-9825456534BF} = {6D763543-A057-4244-88C5-9825456534BF}
		{95FEDCA2-062C-4ECC-81C7-670F49BD8DBB} = {95FEDCA2-062C-4ECC-81C7-670F49BD8DBB}
		{2762EDB0-47EC-4E5D-8D8F-EBD1AC4DBA5D} = {2762EDB0-47EC-4E5D-8D8F-EBD1AC4DBA5D}
	EndProjectSection
EndProject
Global
	GlobalSection(SolutionConfigurationPlatforms) = preSolution
		Debug|Win32 = Debug|Win32
		Release|Win32 = Release|Win32
	EndGlobalSection
	GlobalSection(ProjectConfigurationPlatforms) = postSolution
		{609B4312-FD66-4349-A332-276984CE0DAE}.Debug|Win32.ActiveCfg = Debug|Win32
		{609B4312-FD66-4349-A332-276984CE0DAE}.Debug|Win32.Build.0 = Debug|Win32
		{609B4312-FD66-4349-A332-276984CE0DAE}.Release|Win32.ActiveCfg = Release|Win32
		{609B4312-FD66-4349-A332-276984CE0DAE}.Release|Win32.Build.0 = Release|Win32
		{6D763543-A057-4244-88C5-9825456534BF}.Debug|Win32.ActiveCfg = Debug|Win32
		{6D763543-A057-4244-88C5-9825456534BF}.Debug|Win32.Build.0 = Debug|Win32
		{6D763543-A057-4244-88C5-9825456534BF}.Release|Win32.ActiveCfg = Release|Win32
		{6D763543-A057-4244-88C5-9825456534BF}.Release|Win32.Build.0 = Release|Win32
		{2762EDB0-47EC-4E5D-8D8F-EBD1AC4DBA5D}.Debug|Win32.ActiveCfg = Debug|Win32
		{2762EDB0-47EC-4E5D-8D8F-EBD1AC4DBA5D}.Debug|Win32.Build.0 = Debug|Win32
		{2762EDB0-47EC-4E5D-8D8F-EBD1AC4DBA5D}.Release|Win32.ActiveCfg = Release|Win32
		{2762EDB0-47EC-4E5D-8D8F-EBD1AC4DBA5D}.Release|Win32.Build.0 = Release|Win32
		{95FEDCA2-062C-4ECC-81C7-670F49BD8DBB}.Debug|Win32.ActiveCfg = Debug|Win32
		{95FEDCA2-062C-4ECC-81C7-670F49BD8DBB}.Debug|Win32.Build.0 = Debug|Win32
		{95FEDCA2-062C-4ECC-81C7-670F49BD8DBB}.Release|Win32.ActiveCfg = Release|Win32
		{95FEDCA2-062C-4ECC-81C7-670F49BD8DBB}.Release|Win32.Build.0 = Release|Win32
		{9685BAAE-6738-4C11-9A77-44BB83AA3AE0}.Debug|Win32.ActiveCfg = Debug|Win32
		{9685BAAE-6738-4C11-9A77-44BB83AA3AE0}.Debug|Win32.Build.0 = Debug|Win32
		{9685BAAE-6738-4C11-9A77-44BB83AA3AE0}.Release|Win32.ActiveCfg = Release|Win32
		{9685BAAE-6738-4C11-9A77-44BB83AA3AE0}.Release|Win32.Build.0 = Release|Win32
		{259BA2E6-FB1F-4E97-A6B7-0B65900F8E38}.Debug|Win32.ActiveCfg = Debug|Win32
		{259BA2E6-FB1F-4E97-A6B7-0B65900F8E38}.Debug|Win32.Build.0 = Debug|Win32
		{259BA2E6-FB1F-4E97-A6B7-0B65900F8E38}.Release|Win32.ActiveCfg = Release|Win32
		{259BA2E6-FB1F-4E97-A6B7-0B65900F8E38}.Release|Win32.Build.0 = Release|Win32
		{AC42174E-9C3A-46C0-AD6E-38B58E22E387}.Debug|Win32.ActiveCfg = Debug|Win32
		{AC42174E-9C3A-46C0-AD6E-38B58E22E387}.Debug|Win32.Build.0 = Debug|Win32
		{AC42174E-9C3A-46C0-AD6E-38B58E22E387}.Release|Win32.ActiveCfg = Release|Win32
		{AC42174E-9C3A-46C0-AD6E-38B58E22E387}.Release|Win32.Build.0 = Release|Win32
		{DD5DBD5B-E012-469E-ABD6-CE543A539454}.Debug|Win32.ActiveCfg = Debug|Win32
		{DD5DBD5B-E012-469E-ABD6-CE543A539454}.Debug|Win32.Build.0 = Debug|Win32
		{DD5DBD5B-E012-469E-ABD6-CE543A539454}.Release|Win32.ActiveCfg = Release|Win32
		{DD5DBD5B-E012-469E-ABD6-CE543A539454}.Release|Win32.Build.0 = Release|Win32
	EndGlobalSection
	GlobalSection(SolutionProperties) = preSolution
		HideSolutionNode = FALSE
	EndGlobalSection
	GlobalSection(ExtensibilityGlobals) = postSolution
		SolutionGuid = {F9B008ED-0A3F-470D-9563-DFBBA03F45CD}
	EndGlobalSection
EndGlobal
