
Microsoft Visual Studio Solution File, Format Version 11.00
# Visual Studio 2010
Project("{8BC9CEB8-8B4A-11D0-8D11-00A0C91BC942}") = "CNOSSOS_DLL_CONSOLE", "CNOSSOS_DLL_CONSOLE\CNOSSOS_DLL_CONSOLE.vcxproj", "{8ED6868B-21FE-4437-8965-2E5B91D46893}"
EndProject
Project("{8BC9CEB8-8B4A-11D0-8D11-00A0C91BC942}") = "CNOSSOS_ROADNOISE_DLL", "CNOSSOS_ROADNOISE_DLL\CRONNOS_ROADNOISE_DLL.vcxproj", "{7F2EB082-2022-46A8-BFF1-DC725BCAFEFA}"
EndProject
Project("{8BC9CEB8-8B4A-11D0-8D11-00A0C91BC942}") = "CNOSSOS_RAILNOISE_DLL", "CNOSSOS_RAILNOISE_DLL\CRONNOS_RAILNOISE_DLL.vcxproj", "{04ECC794-D642-4DA2-8767-9B948513AE87}"
EndProject
Project("{2150E333-8FDC-42A3-9474-1A3956D46DE8}") = "Solution Items", "Solution Items", "{1D28DABF-A4A2-4F74-A063-AFFC0F449A69}"
EndProject
Project("{8BC9CEB8-8B4A-11D0-8D11-00A0C91BC942}") = "CNOSSOS_INDUSTRIAL_NOISE_DLL", "CNOSSOS_INDUSTRIAL_NOISE_DLL\CNOSSOS_INDUSTRIAL_NOISE_DLL.vcxproj", "{C69EE2E7-8119-4CB7-BF12-0475E662321C}"
EndProject
Global
	GlobalSection(SolutionConfigurationPlatforms) = preSolution
		Debug|Win32 = Debug|Win32
		Release|Win32 = Release|Win32
	EndGlobalSection
	GlobalSection(ProjectConfigurationPlatforms) = postSolution
		{8ED6868B-21FE-4437-8965-2E5B91D46893}.Debug|Win32.ActiveCfg = Debug|Win32
		{8ED6868B-21FE-4437-8965-2E5B91D46893}.Debug|Win32.Build.0 = Debug|Win32
		{8ED6868B-21FE-4437-8965-2E5B91D46893}.Release|Win32.ActiveCfg = Release|Win32
		{8ED6868B-21FE-4437-8965-2E5B91D46893}.Release|Win32.Build.0 = Release|Win32
		{7F2EB082-2022-46A8-BFF1-DC725BCAFEFA}.Debug|Win32.ActiveCfg = Debug|Win32
		{7F2EB082-2022-46A8-BFF1-DC725BCAFEFA}.Debug|Win32.Build.0 = Debug|Win32
		{7F2EB082-2022-46A8-BFF1-DC725BCAFEFA}.Release|Win32.ActiveCfg = Release|Win32
		{7F2EB082-2022-46A8-BFF1-DC725BCAFEFA}.Release|Win32.Build.0 = Release|Win32
		{04ECC794-D642-4DA2-8767-9B948513AE87}.Debug|Win32.ActiveCfg = Debug|Win32
		{04ECC794-D642-4DA2-8767-9B948513AE87}.Debug|Win32.Build.0 = Debug|Win32
		{04ECC794-D642-4DA2-8767-9B948513AE87}.Release|Win32.ActiveCfg = Release|Win32
		{04ECC794-D642-4DA2-8767-9B948513AE87}.Release|Win32.Build.0 = Release|Win32
		{C69EE2E7-8119-4CB7-BF12-0475E662321C}.Debug|Win32.ActiveCfg = Debug|Win32
		{C69EE2E7-8119-4CB7-BF12-0475E662321C}.Debug|Win32.Build.0 = Debug|Win32
		{C69EE2E7-8119-4CB7-BF12-0475E662321C}.Release|Win32.ActiveCfg = Release|Win32
		{C69EE2E7-8119-4CB7-BF12-0475E662321C}.Release|Win32.Build.0 = Release|Win32
	EndGlobalSection
	GlobalSection(SolutionProperties) = preSolution
		HideSolutionNode = FALSE
	EndGlobalSection
EndGlobal
